
Microsoft Visual Studio Solution File, Format Version 12.00
# Visual Studio Version 17
VisualStudioVersion = 17.4.33213.308
MinimumVisualStudioVersion = 10.0.40219.1
Project("{9A19103F-16F7-4668-BE54-9A1E7A4F7556}") = "Application.Abstractions", "src\Application.Abstractions.csproj", "{4CD49D4E-0E06-4FCC-8969-A54DC862114D}"
EndProject
Project("{2150E333-8FDC-42A3-9474-1A3956D46DE8}") = "src", "src", "{7CE8847E-CFB6-4CD7-BD77-4138FFACDED4}"
EndProject
Project("{2150E333-8FDC-42A3-9474-1A3956D46DE8}") = "tests", "tests", "{64B220BA-A7BD-45FB-A475-F50388454A3A}"
EndProject
Project("{9A19103F-16F7-4668-BE54-9A1E7A4F7556}") = "Application.UnitTests", "tests\Application.UnitTests\Application.UnitTests.csproj", "{BC891A1E-3641-461E-884F-4438E87E2F1B}"
EndProject
Project("{9A19103F-16F7-4668-BE54-9A1E7A4F7556}") = "Application.Space", "tests\Application.Space\Application.Space.csproj", "{F40096A6-D2EF-4E6D-B3F5-DB93B02E7509}"
EndProject
Project("{9A19103F-16F7-4668-BE54-9A1E7A4F7556}") = "Application.Symbol", "tests\Application.Symbol\Application.Symbol.csproj", "{20F439E7-F665-4126-9796-2C5ABB2E2A93}"
EndProject
Project("{9A19103F-16F7-4668-BE54-9A1E7A4F7556}") = "Application.Underscore", "tests\Application.Underscore\Application.Underscore.csproj", "{DE9BC23F-DE15-41B0-9FA6-0056D86D6A65}"
EndProject
Project("{FAE04EC0-301F-11D3-BF4B-00C04F79EFBC}") = "FluentMediator", "FluentMediator\FluentMediator.csproj", "{A21C55EF-1AE2-44D5-AA30-AB54B3405DDB}"
EndProject
Global
	GlobalSection(SolutionConfigurationPlatforms) = preSolution
		Debug|Any CPU = Debug|Any CPU
		Release|Any CPU = Release|Any CPU
	EndGlobalSection
	GlobalSection(ProjectConfigurationPlatforms) = postSolution
		{4CD49D4E-0E06-4FCC-8969-A54DC862114D}.Debug|Any CPU.ActiveCfg = Debug|Any CPU
		{4CD49D4E-0E06-4FCC-8969-A54DC862114D}.Debug|Any CPU.Build.0 = Debug|Any CPU
		{4CD49D4E-0E06-4FCC-8969-A54DC862114D}.Release|Any CPU.ActiveCfg = Release|Any CPU
		{4CD49D4E-0E06-4FCC-8969-A54DC862114D}.Release|Any CPU.Build.0 = Release|Any CPU
		{BC891A1E-3641-461E-884F-4438E87E2F1B}.Debug|Any CPU.ActiveCfg = Debug|Any CPU
		{BC891A1E-3641-461E-884F-4438E87E2F1B}.Debug|Any CPU.Build.0 = Debug|Any CPU
		{BC891A1E-3641-461E-884F-4438E87E2F1B}.Release|Any CPU.ActiveCfg = Release|Any CPU
		{BC891A1E-3641-461E-884F-4438E87E2F1B}.Release|Any CPU.Build.0 = Release|Any CPU
		{F40096A6-D2EF-4E6D-B3F5-DB93B02E7509}.Debug|Any CPU.ActiveCfg = Debug|Any CPU
		{F40096A6-D2EF-4E6D-B3F5-DB93B02E7509}.Debug|Any CPU.Build.0 = Debug|Any CPU
		{F40096A6-D2EF-4E6D-B3F5-DB93B02E7509}.Release|Any CPU.ActiveCfg = Release|Any CPU
		{F40096A6-D2EF-4E6D-B3F5-DB93B02E7509}.Release|Any CPU.Build.0 = Release|Any CPU
		{20F439E7-F665-4126-9796-2C5ABB2E2A93}.Debug|Any CPU.ActiveCfg = Debug|Any CPU
		{20F439E7-F665-4126-9796-2C5ABB2E2A93}.Debug|Any CPU.Build.0 = Debug|Any CPU
		{20F439E7-F665-4126-9796-2C5ABB2E2A93}.Release|Any CPU.ActiveCfg = Release|Any CPU
		{20F439E7-F665-4126-9796-2C5ABB2E2A93}.Release|Any CPU.Build.0 = Release|Any CPU
		{DE9BC23F-DE15-41B0-9FA6-0056D86D6A65}.Debug|Any CPU.ActiveCfg = Debug|Any CPU
		{DE9BC23F-DE15-41B0-9FA6-0056D86D6A65}.Debug|Any CPU.Build.0 = Debug|Any CPU
		{DE9BC23F-DE15-41B0-9FA6-0056D86D6A65}.Release|Any CPU.ActiveCfg = Release|Any CPU
		{DE9BC23F-DE15-41B0-9FA6-0056D86D6A65}.Release|Any CPU.Build.0 = Release|Any CPU
		{A21C55EF-1AE2-44D5-AA30-AB54B3405DDB}.Debug|Any CPU.ActiveCfg = Debug|Any CPU
		{A21C55EF-1AE2-44D5-AA30-AB54B3405DDB}.Debug|Any CPU.Build.0 = Debug|Any CPU
		{A21C55EF-1AE2-44D5-AA30-AB54B3405DDB}.Release|Any CPU.ActiveCfg = Release|Any CPU
		{A21C55EF-1AE2-44D5-AA30-AB54B3405DDB}.Release|Any CPU.Build.0 = Release|Any CPU
	EndGlobalSection
	GlobalSection(SolutionProperties) = preSolution
		HideSolutionNode = FALSE
	EndGlobalSection
	GlobalSection(NestedProjects) = preSolution
		{4CD49D4E-0E06-4FCC-8969-A54DC862114D} = {7CE8847E-CFB6-4CD7-BD77-4138FFACDED4}
		{BC891A1E-3641-461E-884F-4438E87E2F1B} = {64B220BA-A7BD-45FB-A475-F50388454A3A}
		{F40096A6-D2EF-4E6D-B3F5-DB93B02E7509} = {64B220BA-A7BD-45FB-A475-F50388454A3A}
		{20F439E7-F665-4126-9796-2C5ABB2E2A93} = {64B220BA-A7BD-45FB-A475-F50388454A3A}
		{DE9BC23F-DE15-41B0-9FA6-0056D86D6A65} = {64B220BA-A7BD-45FB-A475-F50388454A3A}
		{A21C55EF-1AE2-44D5-AA30-AB54B3405DDB} = {7CE8847E-CFB6-4CD7-BD77-4138FFACDED4}
	EndGlobalSection
	GlobalSection(ExtensibilityGlobals) = postSolution
		SolutionGuid = {0AF870BA-FB54-4152-9EF3-C11901A1366B}
	EndGlobalSection
EndGlobal
